Microsoft Visual Studio Solution File, Format Version 12.00
# Visual Studio Version 17
VisualStudioVersion = 17.11.35431.28
MinimumVisualStudioVersion = 10.0.40219.1
Project("{F184B08F-C81C-45F6-A57F-5ABD9991F28F}") = "ToolTipController", "ToolTipController\ToolTipController.vbproj", "{5C459353-D560-4E44-98F0-4F4D000433C0}"
EndProject
Global
	GlobalSection(SolutionConfigurationPlatforms) = preSolution
		Debug|Any CPU = Debug|Any CPU
		Release|Any CPU = Release|Any CPU
	EndGlobalSection
	GlobalSection(ProjectConfigurationPlatforms) = postSolution
		{5C459353-D560-4E44-98F0-4F4D000433C0}.Debug|Any CPU.ActiveCfg = Debug|Any CPU
		{5C459353-D560-4E44-98F0-4F4D000433C0}.Debug|Any CPU.Build.0 = Debug|Any CPU
		{5C459353-D560-4E44-98F0-4F4D000433C0}.Release|Any CPU.ActiveCfg = Release|Any CPU
		{5C459353-D560-4E44-98F0-4F4D000433C0}.Release|Any CPU.Build.0 = Release|Any CPU
	EndGlobalSection
	GlobalSection(SolutionProperties) = preSolution
		HideSolutionNode = FALSE
	EndGlobalSection
	GlobalSection(ExtensibilityGlobals) = postSolution
		SolutionGuid = {7CCC79D1-16AC-4535-A3AB-87F99829C18B}
	EndGlobalSection
EndGlobal
